
Microsoft Visual Studio Solution File, Format Version 12.00
# Visual Studio Version 17
VisualStudioVersion = 17.0.32014.148
MinimumVisualStudioVersion = 10.0.40219.1
Project("{9A19103F-16F7-4668-BE54-9A1E7A4F7556}") = "TesseractOCRPlugin", "TesseractOCRPlugin (.Net Standard)\TesseractOCRPlugin.csproj", "{406EA5A1-FC04-4871-A43A-EEA0F4639A8A}"
EndProject
Project("{9A19103F-16F7-4668-BE54-9A1E7A4F7556}") = "TesseractPluginTest", "TesseractPluginTest (.Net Standard)\TesseractPluginTest.csproj", "{E045B431-2EDA-4BE0-8052-97BAD67E010C}"
EndProject
Project("{9A19103F-16F7-4668-BE54-9A1E7A4F7556}") = "TesseractPluginTester", "TesseractPluginTester\TesseractPluginTester.csproj", "{35AF7CA1-ACB7-4CAC-9D36-6647C8C0D7ED}"
EndProject
Global
	GlobalSection(SolutionConfigurationPlatforms) = preSolution
		Debug|Any CPU = Debug|Any CPU
		Release|Any CPU = Release|Any CPU
	EndGlobalSection
	GlobalSection(ProjectConfigurationPlatforms) = postSolution
		{406EA5A1-FC04-4871-A43A-EEA0F4639A8A}.Debug|Any CPU.ActiveCfg = Debug|Any CPU
		{406EA5A1-FC04-4871-A43A-EEA0F4639A8A}.Debug|Any CPU.Build.0 = Debug|Any CPU
		{406EA5A1-FC04-4871-A43A-EEA0F4639A8A}.Release|Any CPU.ActiveCfg = Release|Any CPU
		{406EA5A1-FC04-4871-A43A-EEA0F4639A8A}.Release|Any CPU.Build.0 = Release|Any CPU
		{E045B431-2EDA-4BE0-8052-97BAD67E010C}.Debug|Any CPU.ActiveCfg = Debug|Any CPU
		{E045B431-2EDA-4BE0-8052-97BAD67E010C}.Debug|Any CPU.Build.0 = Debug|Any CPU
		{E045B431-2EDA-4BE0-8052-97BAD67E010C}.Release|Any CPU.ActiveCfg = Release|Any CPU
		{E045B431-2EDA-4BE0-8052-97BAD67E010C}.Release|Any CPU.Build.0 = Release|Any CPU
		{35AF7CA1-ACB7-4CAC-9D36-6647C8C0D7ED}.Debug|Any CPU.ActiveCfg = Debug|Any CPU
		{35AF7CA1-ACB7-4CAC-9D36-6647C8C0D7ED}.Debug|Any CPU.Build.0 = Debug|Any CPU
		{35AF7CA1-ACB7-4CAC-9D36-6647C8C0D7ED}.Release|Any CPU.ActiveCfg = Release|Any CPU
		{35AF7CA1-ACB7-4CAC-9D36-6647C8C0D7ED}.Release|Any CPU.Build.0 = Release|Any CPU
	EndGlobalSection
	GlobalSection(SolutionProperties) = preSolution
		HideSolutionNode = FALSE
	EndGlobalSection
	GlobalSection(ExtensibilityGlobals) = postSolution
		SolutionGuid = {9CB3F22D-2035-4293-BBCC-45CD540BAFC0}
	EndGlobalSection
EndGlobal
