
Microsoft Visual Studio Solution File, Format Version 12.00
# Visual Studio Version 16
VisualStudioVersion = 16.0.30804.86
MinimumVisualStudioVersion = 10.0.40219.1
Project("{FAE04EC0-301F-11D3-BF4B-00C04F79EFBC}") = "TesseractOCRPlugin", "TesseractOCRPlugin\TesseractOCRPlugin.csproj", "{0FF83D70-BF83-404D-9BE3-0BFFF7E004EF}"
EndProject
Project("{FAE04EC0-301F-11D3-BF4B-00C04F79EFBC}") = "TesseractPluginTest", "TesseractPluginTest\TesseractPluginTest.csproj", "{AC67AD28-0356-4EF1-AD73-500E9A72AB9B}"
EndProject
Project("{FAE04EC0-301F-11D3-BF4B-00C04F79EFBC}") = "TesseractOCRPluginUnitTests", "TesseractOCRPluginUnitTests\TesseractOCRPluginUnitTests.csproj", "{15E5362B-D451-40BF-92DD-1C8D88B89ACB}"
EndProject
Project("{FAE04EC0-301F-11D3-BF4B-00C04F79EFBC}") = "TesseractOCRPlugin (.Net Standard)", "TesseractOCRPlugin (.Net Standard)\TesseractOCRPlugin (.Net Standard).csproj", "{406EA5A1-FC04-4871-A43A-EEA0F4639A8A}"
EndProject
Global
	GlobalSection(SolutionConfigurationPlatforms) = preSolution
		Debug|Any CPU = Debug|Any CPU
		Release|Any CPU = Release|Any CPU
	EndGlobalSection
	GlobalSection(ProjectConfigurationPlatforms) = postSolution
		{0FF83D70-BF83-404D-9BE3-0BFFF7E004EF}.Debug|Any CPU.ActiveCfg = Debug|Any CPU
		{0FF83D70-BF83-404D-9BE3-0BFFF7E004EF}.Debug|Any CPU.Build.0 = Debug|Any CPU
		{0FF83D70-BF83-404D-9BE3-0BFFF7E004EF}.Release|Any CPU.ActiveCfg = Release|Any CPU
		{0FF83D70-BF83-404D-9BE3-0BFFF7E004EF}.Release|Any CPU.Build.0 = Release|Any CPU
		{AC67AD28-0356-4EF1-AD73-500E9A72AB9B}.Debug|Any CPU.ActiveCfg = Debug|Any CPU
		{AC67AD28-0356-4EF1-AD73-500E9A72AB9B}.Debug|Any CPU.Build.0 = Debug|Any CPU
		{AC67AD28-0356-4EF1-AD73-500E9A72AB9B}.Release|Any CPU.ActiveCfg = Release|Any CPU
		{AC67AD28-0356-4EF1-AD73-500E9A72AB9B}.Release|Any CPU.Build.0 = Release|Any CPU
		{15E5362B-D451-40BF-92DD-1C8D88B89ACB}.Debug|Any CPU.ActiveCfg = Debug|Any CPU
		{15E5362B-D451-40BF-92DD-1C8D88B89ACB}.Debug|Any CPU.Build.0 = Debug|Any CPU
		{15E5362B-D451-40BF-92DD-1C8D88B89ACB}.Release|Any CPU.ActiveCfg = Release|Any CPU
		{15E5362B-D451-40BF-92DD-1C8D88B89ACB}.Release|Any CPU.Build.0 = Release|Any CPU
		{406EA5A1-FC04-4871-A43A-EEA0F4639A8A}.Debug|Any CPU.ActiveCfg = Debug|Any CPU
		{406EA5A1-FC04-4871-A43A-EEA0F4639A8A}.Debug|Any CPU.Build.0 = Debug|Any CPU
		{406EA5A1-FC04-4871-A43A-EEA0F4639A8A}.Release|Any CPU.ActiveCfg = Release|Any CPU
		{406EA5A1-FC04-4871-A43A-EEA0F4639A8A}.Release|Any CPU.Build.0 = Release|Any CPU
	EndGlobalSection
	GlobalSection(SolutionProperties) = preSolution
		HideSolutionNode = FALSE
	EndGlobalSection
	GlobalSection(ExtensibilityGlobals) = postSolution
		SolutionGuid = {9CB3F22D-2035-4293-BBCC-45CD540BAFC0}
	EndGlobalSection
EndGlobal
